
Microsoft Visual Studio Solution File, Format Version 12.00
# Visual Studio 14
VisualStudioVersion = 14.0.25420.1
MinimumVisualStudioVersion = 10.0.40219.1
Project("{A0786B88-2ADB-4C21-ABE8-AA2D79766269}") = "Mixmax", "Mixmax.phpproj", "{340B62C5-D3A2-4940-B7D7-673E808110A1}"
EndProject
Global
	GlobalSection(SolutionConfigurationPlatforms) = preSolution
		Debug|Any CPU = Debug|Any CPU
		Release|Any CPU = Release|Any CPU
	EndGlobalSection
	GlobalSection(ProjectConfigurationPlatforms) = postSolution
		{340B62C5-D3A2-4940-B7D7-673E808110A1}.Debug|Any CPU.ActiveCfg = Debug|Any CPU
		{340B62C5-D3A2-4940-B7D7-673E808110A1}.Release|Any CPU.ActiveCfg = Release|Any CPU
	EndGlobalSection
	GlobalSection(SolutionProperties) = preSolution
		HideSolutionNode = FALSE
	EndGlobalSection
	GlobalSection(ExtensibilityGlobals) = postSolution
		SolutionGuid = {7CBFDB3F-ECA4-40AE-8729-72914AA27E81}
	EndGlobalSection
EndGlobal
